
Microsoft Visual Studio Solution File, Format Version 12.00
# Visual Studio Version 17
VisualStudioVersion = 17.10.35004.147
MinimumVisualStudioVersion = 10.0.40219.1
Project("{FAE04EC0-301F-11D3-BF4B-00C04F79EFBC}") = "UrlShortenerApi", "UrlShortenerApi\UrlShortenerApi.csproj", "{1B888B21-6EF0-4386-8BC7-CB908C0F4B14}"
EndProject
Project("{E53339B2-1760-4266-BCC7-CA923CBCF16C}") = "docker-compose", "docker-compose.dcproj", "{41D8122C-DAB0-4BE2-B51C-19E9F36D3EB2}"
EndProject
Global
	GlobalSection(SolutionConfigurationPlatforms) = preSolution
		Debug|Any CPU = Debug|Any CPU
		Release|Any CPU = Release|Any CPU
	EndGlobalSection
	GlobalSection(ProjectConfigurationPlatforms) = postSolution
		{1B888B21-6EF0-4386-8BC7-CB908C0F4B14}.Debug|Any CPU.ActiveCfg = Debug|Any CPU
		{1B888B21-6EF0-4386-8BC7-CB908C0F4B14}.Debug|Any CPU.Build.0 = Debug|Any CPU
		{1B888B21-6EF0-4386-8BC7-CB908C0F4B14}.Release|Any CPU.ActiveCfg = Release|Any CPU
		{1B888B21-6EF0-4386-8BC7-CB908C0F4B14}.Release|Any CPU.Build.0 = Release|Any CPU
		{41D8122C-DAB0-4BE2-B51C-19E9F36D3EB2}.Debug|Any CPU.ActiveCfg = Debug|Any CPU
		{41D8122C-DAB0-4BE2-B51C-19E9F36D3EB2}.Debug|Any CPU.Build.0 = Debug|Any CPU
		{41D8122C-DAB0-4BE2-B51C-19E9F36D3EB2}.Release|Any CPU.ActiveCfg = Release|Any CPU
		{41D8122C-DAB0-4BE2-B51C-19E9F36D3EB2}.Release|Any CPU.Build.0 = Release|Any CPU
	EndGlobalSection
	GlobalSection(SolutionProperties) = preSolution
		HideSolutionNode = FALSE
	EndGlobalSection
	GlobalSection(ExtensibilityGlobals) = postSolution
		SolutionGuid = {EE54A403-EAB2-42FB-A242-4B1FEFB208B8}
	EndGlobalSection
EndGlobal
